
Microsoft Visual Studio Solution File, Format Version 10.00
# Visual C++ Express 2008
Project("{8BC9CEB8-8B4A-11D0-8D11-00A0C91BC942}") = "tremolo", "projects\tremolo\tremolo.vcproj", "{A6072116-12AA-4841-90DE-2D8CDDB6F90D}"
EndProject
Project("{8BC9CEB8-8B4A-11D0-8D11-00A0C91BC942}") = "doubledelay", "projects\doubledelay\doubledelay.vcproj", "{D656D2E2-ACD1-41BD-86DD-34F796616488}"
EndProject
Project("{8BC9CEB8-8B4A-11D0-8D11-00A0C91BC942}") = "flanger", "projects\flanger\flanger.vcproj", "{59E996AE-F04C-4FD2-BEDB-7B55D4883CA7}"
EndProject
Project("{8BC9CEB8-8B4A-11D0-8D11-00A0C91BC942}") = "compressor", "projects\compressor\compressor.vcproj", "{A1F5B181-2BC5-401B-9D95-F019B3FC7BC6}"
EndProject
Project("{8BC9CEB8-8B4A-11D0-8D11-00A0C91BC942}") = "pitch_shifter", "projects\pitch_shifter\pitch_shifter.vcproj", "{96086DB9-A865-4188-9D6B-276E3FD0707C}"
EndProject
Project("{8BC9CEB8-8B4A-11D0-8D11-00A0C91BC942}") = "skuska", "projects\skuska\skuska.vcproj", "{52A015C0-8024-4FA2-823C-98A8E0AC8D51}"
EndProject
Project("{8BC9CEB8-8B4A-11D0-8D11-00A0C91BC942}") = "equalizer", "projects\equalizer\equalizer.vcproj", "{F0687015-2365-4645-A83D-435FCF3D9CDB}"
EndProject
Global
	GlobalSection(SolutionConfigurationPlatforms) = preSolution
		Debug|Win32 = Debug|Win32
		Release|Win32 = Release|Win32
	EndGlobalSection
	GlobalSection(ProjectConfigurationPlatforms) = postSolution
		{A6072116-12AA-4841-90DE-2D8CDDB6F90D}.Debug|Win32.ActiveCfg = Debug|Win32
		{A6072116-12AA-4841-90DE-2D8CDDB6F90D}.Debug|Win32.Build.0 = Debug|Win32
		{A6072116-12AA-4841-90DE-2D8CDDB6F90D}.Release|Win32.ActiveCfg = Release|Win32
		{A6072116-12AA-4841-90DE-2D8CDDB6F90D}.Release|Win32.Build.0 = Release|Win32
		{D656D2E2-ACD1-41BD-86DD-34F796616488}.Debug|Win32.ActiveCfg = Debug|Win32
		{D656D2E2-ACD1-41BD-86DD-34F796616488}.Debug|Win32.Build.0 = Debug|Win32
		{D656D2E2-ACD1-41BD-86DD-34F796616488}.Release|Win32.ActiveCfg = Release|Win32
		{D656D2E2-ACD1-41BD-86DD-34F796616488}.Release|Win32.Build.0 = Release|Win32
		{59E996AE-F04C-4FD2-BEDB-7B55D4883CA7}.Debug|Win32.ActiveCfg = Debug|Win32
		{59E996AE-F04C-4FD2-BEDB-7B55D4883CA7}.Debug|Win32.Build.0 = Debug|Win32
		{59E996AE-F04C-4FD2-BEDB-7B55D4883CA7}.Release|Win32.ActiveCfg = Release|Win32
		{59E996AE-F04C-4FD2-BEDB-7B55D4883CA7}.Release|Win32.Build.0 = Release|Win32
		{A1F5B181-2BC5-401B-9D95-F019B3FC7BC6}.Debug|Win32.ActiveCfg = Debug|Win32
		{A1F5B181-2BC5-401B-9D95-F019B3FC7BC6}.Debug|Win32.Build.0 = Debug|Win32
		{A1F5B181-2BC5-401B-9D95-F019B3FC7BC6}.Release|Win32.ActiveCfg = Release|Win32
		{A1F5B181-2BC5-401B-9D95-F019B3FC7BC6}.Release|Win32.Build.0 = Release|Win32
		{96086DB9-A865-4188-9D6B-276E3FD0707C}.Debug|Win32.ActiveCfg = Debug|Win32
		{96086DB9-A865-4188-9D6B-276E3FD0707C}.Debug|Win32.Build.0 = Debug|Win32
		{96086DB9-A865-4188-9D6B-276E3FD0707C}.Release|Win32.ActiveCfg = Release|Win32
		{96086DB9-A865-4188-9D6B-276E3FD0707C}.Release|Win32.Build.0 = Release|Win32
		{52A015C0-8024-4FA2-823C-98A8E0AC8D51}.Debug|Win32.ActiveCfg = Debug|Win32
		{52A015C0-8024-4FA2-823C-98A8E0AC8D51}.Debug|Win32.Build.0 = Debug|Win32
		{52A015C0-8024-4FA2-823C-98A8E0AC8D51}.Release|Win32.ActiveCfg = Release|Win32
		{52A015C0-8024-4FA2-823C-98A8E0AC8D51}.Release|Win32.Build.0 = Release|Win32
		{F0687015-2365-4645-A83D-435FCF3D9CDB}.Debug|Win32.ActiveCfg = Debug|Win32
		{F0687015-2365-4645-A83D-435FCF3D9CDB}.Debug|Win32.Build.0 = Debug|Win32
		{F0687015-2365-4645-A83D-435FCF3D9CDB}.Release|Win32.ActiveCfg = Release|Win32
		{F0687015-2365-4645-A83D-435FCF3D9CDB}.Release|Win32.Build.0 = Release|Win32
	EndGlobalSection
	GlobalSection(SolutionProperties) = preSolution
		HideSolutionNode = FALSE
	EndGlobalSection
EndGlobal
